{
  "requires": true,
  "lockfileVersion": 1,
  "dependencies": {
    "@babel/runtime": {
      "version": "7.16.3",
      "resolved": "https://registry.npmjs.org/@babel/runtime/-/runtime-7.16.3.tgz",
      "integrity": "sha512-WBwekcqacdY2e9AF/Q7WLFUWmdJGJTkbjqTjoMDgXkVZ3ZRUvOPsLb5KdwISoQVsbP+DQzVZW4Zhci0DvpbNTQ==",
      "requires": {
        "regenerator-runtime": "^0.13.4"
      }
    },
    "@iconify/icons-mdi": {
      "version": "1.1.38",
      "resolved": "https://registry.npmjs.org/@iconify/icons-mdi/-/icons-mdi-1.1.38.tgz",
      "integrity": "sha512-Mr3QmyJ1VGtu5FV2O6YhCqVgMqei29YtgFdyd+RSamd3j/mNJGHHstHtKc5KSVQ0sMFdSy0Y1EwtD5W+OEf3Ug=="
    },
    "@iconify/react": {
      "version": "1.1.4",
      "resolved": "https://registry.npmjs.org/@iconify/react/-/react-1.1.4.tgz",
      "integrity": "sha512-oxq8IMOq8q3nKGiDHbQPC8FcFuBsKve68JWBo140d5LRnj0bv5TB/FE/y01ZSvEZ7PlI2HIrnb2qivPN8kTDgw=="
    },
    "js-cookie": {
      "version": "3.0.1",
      "resolved": "https://registry.npmjs.org/js-cookie/-/js-cookie-3.0.1.tgz",
      "integrity": "sha512-+0rgsUXZu4ncpPxRL+lNEptWMOWl9etvPHc/koSRp6MPwpRYAhmk0dUG00J4bxVV3r9uUzfo24wW0knS07SKSw=="
    },
    "react-h5-audio-player": {
      "version": "3.7.4",
      "resolved": "https://registry.npmjs.org/react-h5-audio-player/-/react-h5-audio-player-3.7.4.tgz",
      "integrity": "sha512-+V55lGhG02K0N9zP51j7cv2w+pS6hUIpMXmZ/Viemm4yrjts2655wsIccIUDM00bu2qYrvpJNW113+g6uPFTUw==",
      "requires": {
        "@babel/runtime": "^7.10.2",
        "@iconify/icons-mdi": "^1.0.46",
        "@iconify/react": "^1.1.3"
      }
    },
    "regenerator-runtime": {
      "version": "0.13.9",
      "resolved": "https://registry.npmjs.org/regenerator-runtime/-/regenerator-runtime-0.13.9.tgz",
      "integrity": "sha512-p3VT+cOEgxFsRRA9X4lkI1E+k2/CtnKtU4gcxyaCUreilL/vqI6CdZ3wxVUx3UOUg+gnUOQQcRI7BmSI656MYA=="
    }
  }
}
